github.com/skyflow-bharti/sample-pkg/pkg2 v0.0.0-20250115171327-cf600067e489 h1:4xYowIllY47ub+Dx6khKVfeg1tgTgKlQexB3mhNV2Kc=
github.com/skyflow-bharti/sample-pkg/pkg2 v0.0.0-20250115171327-cf600067e489/go.mod h1:MTVah+W0Rr7EGrnN16c3/cNHAptDxzm2mAehV/8R1oQ=
github.com/skyflow-bharti/sample-pkg/pkg2 v0.0.0-20250121160441-c9ae4be072c2 h1:ACfzAE/5nu9hM2JHhAjEeoU0Qo8mWsSu2uSU7Rkkr9w=
github.com/skyflow-bharti/sample-pkg/pkg2 v0.0.0-20250121160441-c9ae4be072c2/go.mod h1:MTVah+W0Rr7EGrnN16c3/cNHAptDxzm2mAehV/8R1oQ=
